
Microsoft Visual Studio Solution File, Format Version 12.00
# Visual Studio Version 16
VisualStudioVersion = 16.0.30011.22
MinimumVisualStudioVersion = 10.0.40219.1
Project("{FAE04EC0-301F-11D3-BF4B-00C04F79EFBC}") = "API_Factura", "API_Factura\API_Factura.csproj", "{64160D13-6851-48A9-AA34-FCFCABB9C05D}"
EndProject
Project("{FAE04EC0-301F-11D3-BF4B-00C04F79EFBC}") = "Model", "Model\Model.csproj", "{2C0682EC-E0DA-45D6-A082-2F290313606A}"
EndProject
Project("{FAE04EC0-301F-11D3-BF4B-00C04F79EFBC}") = "Entidades", "Entidades\Entidades.csproj", "{14CEAF28-314E-4779-9990-ACAAA357EB53}"
EndProject
Project("{FAE04EC0-301F-11D3-BF4B-00C04F79EFBC}") = "Conexion", "Conexion\Conexion.csproj", "{532061C7-D6B3-4CF1-820A-0CD175198241}"
EndProject
Global
	GlobalSection(SolutionConfigurationPlatforms) = preSolution
		Debug|Any CPU = Debug|Any CPU
		Release|Any CPU = Release|Any CPU
	EndGlobalSection
	GlobalSection(ProjectConfigurationPlatforms) = postSolution
		{64160D13-6851-48A9-AA34-FCFCABB9C05D}.Debug|Any CPU.ActiveCfg = Debug|Any CPU
		{64160D13-6851-48A9-AA34-FCFCABB9C05D}.Debug|Any CPU.Build.0 = Debug|Any CPU
		{64160D13-6851-48A9-AA34-FCFCABB9C05D}.Release|Any CPU.ActiveCfg = Release|Any CPU
		{64160D13-6851-48A9-AA34-FCFCABB9C05D}.Release|Any CPU.Build.0 = Release|Any CPU
		{2C0682EC-E0DA-45D6-A082-2F290313606A}.Debug|Any CPU.ActiveCfg = Debug|Any CPU
		{2C0682EC-E0DA-45D6-A082-2F290313606A}.Debug|Any CPU.Build.0 = Debug|Any CPU
		{2C0682EC-E0DA-45D6-A082-2F290313606A}.Release|Any CPU.ActiveCfg = Release|Any CPU
		{2C0682EC-E0DA-45D6-A082-2F290313606A}.Release|Any CPU.Build.0 = Release|Any CPU
		{14CEAF28-314E-4779-9990-ACAAA357EB53}.Debug|Any CPU.ActiveCfg = Debug|Any CPU
		{14CEAF28-314E-4779-9990-ACAAA357EB53}.Debug|Any CPU.Build.0 = Debug|Any CPU
		{14CEAF28-314E-4779-9990-ACAAA357EB53}.Release|Any CPU.ActiveCfg = Release|Any CPU
		{14CEAF28-314E-4779-9990-ACAAA357EB53}.Release|Any CPU.Build.0 = Release|Any CPU
		{532061C7-D6B3-4CF1-820A-0CD175198241}.Debug|Any CPU.ActiveCfg = Debug|Any CPU
		{532061C7-D6B3-4CF1-820A-0CD175198241}.Debug|Any CPU.Build.0 = Debug|Any CPU
		{532061C7-D6B3-4CF1-820A-0CD175198241}.Release|Any CPU.ActiveCfg = Release|Any CPU
		{532061C7-D6B3-4CF1-820A-0CD175198241}.Release|Any CPU.Build.0 = Release|Any CPU
	EndGlobalSection
	GlobalSection(SolutionProperties) = preSolution
		HideSolutionNode = FALSE
	EndGlobalSection
	GlobalSection(ExtensibilityGlobals) = postSolution
		SolutionGuid = {81522903-90AA-4124-AAC7-3AA7F8855B34}
	EndGlobalSection
EndGlobal
